// !$*UTF8*$!
{
	archiveVersion = 1;
	classes = {
	};
	objectVersion = 46;
	objects = {

/* Begin PBXBuildFile section */
		2624D834B48455C0BD762AF5 /* libPods.a in Frameworks */ = {isa = PBXBuildFile; fileRef = 2996C33ED023B1C0F04C95DE /* libPods.a */; };
		FD8552111BE298000072D7B4 /* main.m in Sources */ = {isa = PBXBuildFile; fileRef = FD8552101BE297FF0072D7B4 /* main.m */; };
		FD8552141BE298000072D7B4 /* AppDelegate.m in Sources */ = {isa = PBXBuildFile; fileRef = FD8552131BE298000072D7B4 /* AppDelegate.m */; };
		FD85521A1BE298000072D7B4 /* Main.storyboard in Resources */ = {isa = PBXBuildFile; fileRef = FD8552181BE298000072D7B4 /* Main.storyboard */; };
		FD85521C1BE298000072D7B4 /* Assets.xcassets in Resources */ = {isa = PBXBuildFile; fileRef = FD85521B1BE298000072D7B4 /* Assets.xcassets */; };
		FD85521F1BE298000072D7B4 /* LaunchScreen.storyboard in Resources */ = {isa = PBXBuildFile; fileRef = FD85521D1BE298000072D7B4 /* LaunchScreen.storyboard */; };
		FD85522A1BE298000072D7B4 /* rssObserverTests.m in Sources */ = {isa = PBXBuildFile; fileRef = FD8552291BE298000072D7B4 /* rssObserverTests.m */; };
		FD8552351BE298000072D7B4 /* rssObserverUITests.m in Sources */ = {isa = PBXBuildFile; fileRef = FD8552341BE298000072D7B4 /* rssObserverUITests.m */; };
		FD8552531BE2993E0072D7B4 /* LERSSModel.m in Sources */ = {isa = PBXBuildFile; fileRef = FD8552521BE2993E0072D7B4 /* LERSSModel.m */; };
		FD8552561BE299810072D7B4 /* LERSSTableViewController.m in Sources */ = {isa = PBXBuildFile; fileRef = FD8552551BE299810072D7B4 /* LERSSTableViewController.m */; };
		FD8552591BE299B80072D7B4 /* LERSSWebView.m in Sources */ = {isa = PBXBuildFile; fileRef = FD8552581BE299B80072D7B4 /* LERSSWebView.m */; };
		FD85525E1BE29B290072D7B4 /* LERSSTableViewCell.m in Sources */ = {isa = PBXBuildFile; fileRef = FD85525D1BE29B290072D7B4 /* LERSSTableViewCell.m */; };
		FD8552601BE29BAA0072D7B4 /* Podfile in Resources */ = {isa = PBXBuildFile; fileRef = FD85525F1BE29BAA0072D7B4 /* Podfile */; };
		FD8552631BE2A0540072D7B4 /* LERSSWebViewController.m in Sources */ = {isa = PBXBuildFile; fileRef = FD8552621BE2A0540072D7B4 /* LERSSWebViewController.m */; };
		FD8552691BE2A64E0072D7B4 /* Localizable.strings in Resources */ = {isa = PBXBuildFile; fileRef = FD85526B1BE2A64E0072D7B4 /* Localizable.strings */; };
		FD85526F1BE2B8660072D7B4 /* LEDataSource.m in Sources */ = {isa = PBXBuildFile; fileRef = FD85526E1BE2B8660072D7B4 /* LEDataSource.m */; };
		FD8552741BE2B92F0072D7B4 /* UIColor+AppColors.m in Sources */ = {isa = PBXBuildFile; fileRef = FD8552731BE2B92F0072D7B4 /* UIColor+AppColors.m */; };
		FD85527B1BE2C3290072D7B4 /* LERSSFeedLoader.m in Sources */ = {isa = PBXBuildFile; fileRef = FD85527A1BE2C3290072D7B4 /* LERSSFeedLoader.m */; };
		FD85527F1BE2D8FB0072D7B4 /* RSSXMLParcer.m in Sources */ = {isa = PBXBuildFile; fileRef = FD85527E1BE2D8FB0072D7B4 /* RSSXMLParcer.m */; };
/* End PBXBuildFile section */

/* Begin PBXContainerItemProxy section */
		FD8552261BE298000072D7B4 /* PBXContainerItemProxy */ = {
			isa = PBXContainerItemProxy;
			containerPortal = FD8552041BE297FF0072D7B4 /* Project object */;
			proxyType = 1;
			remoteGlobalIDString = FD85520B1BE297FF0072D7B4;
			remoteInfo = rssObserver;
		};
		FD8552311BE298000072D7B4 /* PBXContainerItemProxy */ = {
			isa = PBXContainerItemProxy;
			containerPortal = FD8552041BE297FF0072D7B4 /* Project object */;
			proxyType = 1;
			remoteGlobalIDString = FD85520B1BE297FF0072D7B4;
			remoteInfo = rssObserver;
		};
/* End PBXContainerItemProxy section */

/* Begin PBXFileReference section */
		1A25DEE880C37A12E21EB530 /* Pods.debug.xcconfig */ = {isa = PBXFileReference; includeInIndex = 1; lastKnownFileType = text.xcconfig; name = Pods.debug.xcconfig; path = "Pods/Target Support Files/Pods/Pods.debug.xcconfig"; sourceTree = "<group>"; };
		23142740298036D75A924EBE /* Pods.release.xcconfig */ = {isa = PBXFileReference; includeInIndex = 1; lastKnownFileType = text.xcconfig; name = Pods.release.xcconfig; path = "Pods/Target Support Files/Pods/Pods.release.xcconfig"; sourceTree = "<group>"; };
		2996C33ED023B1C0F04C95DE /* libPods.a */ = {isa = PBXFileReference; explicitFileType = archive.ar; includeInIndex = 0; path = libPods.a; sourceTree = BUILT_PRODUCTS_DIR; };
		FD85520C1BE297FF0072D7B4 /* rssObserver.app */ = {isa = PBXFileReference; explicitFileType = wrapper.application; includeInIndex = 0; path = rssObserver.app; sourceTree = BUILT_PRODUCTS_DIR; };
		FD8552101BE297FF0072D7B4 /* main.m */ = {isa = PBXFileReference; lastKnownFileType = sourcecode.c.objc; path = main.m; sourceTree = "<group>"; };
		FD8552121BE298000072D7B4 /* AppDelegate.h */ = {isa = PBXFileReference; lastKnownFileType = sourcecode.c.h; path = AppDelegate.h; sourceTree = "<group>"; };
		FD8552131BE298000072D7B4 /* AppDelegate.m */ = {isa = PBXFileReference; lastKnownFileType = sourcecode.c.objc; path = AppDelegate.m; sourceTree = "<group>"; };
		FD8552191BE298000072D7B4 /* Base */ = {isa = PBXFileReference; lastKnownFileType = file.storyboard; name = Base; path = Base.lproj/Main.storyboard; sourceTree = "<group>"; };
		FD85521B1BE298000072D7B4 /* Assets.xcassets */ = {isa = PBXFileReference; lastKnownFileType = folder.assetcatalog; path = Assets.xcassets; sourceTree = "<group>"; };
		FD85521E1BE298000072D7B4 /* Base */ = {isa = PBXFileReference; lastKnownFileType = file.storyboard; name = Base; path = Base.lproj/LaunchScreen.storyboard; sourceTree = "<group>"; };
		FD8552201BE298000072D7B4 /* Info.plist */ = {isa = PBXFileReference; lastKnownFileType = text.plist.xml; path = Info.plist; sourceTree = "<group>"; };
		FD8552251BE298000072D7B4 /* rssObserverTests.xctest */ = {isa = PBXFileReference; explicitFileType = wrapper.cfbundle; includeInIndex = 0; path = rssObserverTests.xctest; sourceTree = BUILT_PRODUCTS_DIR; };
		FD8552291BE298000072D7B4 /* rssObserverTests.m */ = {isa = PBXFileReference; lastKnownFileType = sourcecode.c.objc; path = rssObserverTests.m; sourceTree = "<group>"; };
		FD85522B1BE298000072D7B4 /* Info.plist */ = {isa = PBXFileReference; lastKnownFileType = text.plist.xml; path = Info.plist; sourceTree = "<group>"; };
		FD8552301BE298000072D7B4 /* rssObserverUITests.xctest */ = {isa = PBXFileReference; explicitFileType = wrapper.cfbundle; includeInIndex = 0; path = rssObserverUITests.xctest; sourceTree = BUILT_PRODUCTS_DIR; };
		FD8552341BE298000072D7B4 /* rssObserverUITests.m */ = {isa = PBXFileReference; lastKnownFileType = sourcecode.c.objc; path = rssObserverUITests.m; sourceTree = "<group>"; };
		FD8552361BE298000072D7B4 /* Info.plist */ = {isa = PBXFileReference; lastKnownFileType = text.plist.xml; path = Info.plist; sourceTree = "<group>"; };
		FD8552511BE2993E0072D7B4 /* LERSSModel.h */ = {isa = PBXFileReference; fileEncoding = 4; lastKnownFileType = sourcecode.c.h; path = LERSSModel.h; sourceTree = "<group>"; };
		FD8552521BE2993E0072D7B4 /* LERSSModel.m */ = {isa = PBXFileReference; fileEncoding = 4; lastKnownFileType = sourcecode.c.objc; path = LERSSModel.m; sourceTree = "<group>"; };
		FD8552541BE299810072D7B4 /* LERSSTableViewController.h */ = {isa = PBXFileReference; fileEncoding = 4; lastKnownFileType = sourcecode.c.h; path = LERSSTableViewController.h; sourceTree = "<group>"; };
		FD8552551BE299810072D7B4 /* LERSSTableViewController.m */ = {isa = PBXFileReference; fileEncoding = 4; lastKnownFileType = sourcecode.c.objc; path = LERSSTableViewController.m; sourceTree = "<group>"; };
		FD8552571BE299B80072D7B4 /* LERSSWebView.h */ = {isa = PBXFileReference; fileEncoding = 4; lastKnownFileType = sourcecode.c.h; path = LERSSWebView.h; sourceTree = "<group>"; };
		FD8552581BE299B80072D7B4 /* LERSSWebView.m */ = {isa = PBXFileReference; fileEncoding = 4; lastKnownFileType = sourcecode.c.objc; path = LERSSWebView.m; sourceTree = "<group>"; };
		FD85525C1BE29B290072D7B4 /* LERSSTableViewCell.h */ = {isa = PBXFileReference; fileEncoding = 4; lastKnownFileType = sourcecode.c.h; path = LERSSTableViewCell.h; sourceTree = "<group>"; };
		FD85525D1BE29B290072D7B4 /* LERSSTableViewCell.m */ = {isa = PBXFileReference; fileEncoding = 4; lastKnownFileType = sourcecode.c.objc; path = LERSSTableViewCell.m; sourceTree = "<group>"; };
		FD85525F1BE29BAA0072D7B4 /* Podfile */ = {isa = PBXFileReference; fileEncoding = 4; lastKnownFileType = text; path = Podfile; sourceTree = "<group>"; };
		FD8552611BE2A0540072D7B4 /* LERSSWebViewController.h */ = {isa = PBXFileReference; fileEncoding = 4; lastKnownFileType = sourcecode.c.h; path = LERSSWebViewController.h; sourceTree = "<group>"; };
		FD8552621BE2A0540072D7B4 /* LERSSWebViewController.m */ = {isa = PBXFileReference; fileEncoding = 4; lastKnownFileType = sourcecode.c.objc; path = LERSSWebViewController.m; sourceTree = "<group>"; };
		FD8552641BE2A5930072D7B4 /* header.pch */ = {isa = PBXFileReference; lastKnownFileType = sourcecode.c.h; path = header.pch; sourceTree = "<group>"; };
		FD8552651BE2A5D10072D7B4 /* ru */ = {isa = PBXFileReference; lastKnownFileType = text.plist.strings; name = ru; path = ru.lproj/Main.strings; sourceTree = "<group>"; };
		FD8552661BE2A5D10072D7B4 /* ru */ = {isa = PBXFileReference; lastKnownFileType = text.plist.strings; name = ru; path = ru.lproj/LaunchScreen.strings; sourceTree = "<group>"; };
		FD85526A1BE2A64E0072D7B4 /* ru */ = {isa = PBXFileReference; lastKnownFileType = text.plist.strings; name = ru; path = ru.lproj/Localizable.strings; sourceTree = "<group>"; };
		FD85526C1BE2A6520072D7B4 /* Base */ = {isa = PBXFileReference; lastKnownFileType = text.plist.strings; name = Base; path = Base.lproj/Localizable.strings; sourceTree = "<group>"; };
		FD85526D1BE2B8660072D7B4 /* LEDataSource.h */ = {isa = PBXFileReference; fileEncoding = 4; lastKnownFileType = sourcecode.c.h; path = LEDataSource.h; sourceTree = "<group>"; };
		FD85526E1BE2B8660072D7B4 /* LEDataSource.m */ = {isa = PBXFileReference; fileEncoding = 4; lastKnownFileType = sourcecode.c.objc; path = LEDataSource.m; sourceTree = "<group>"; };
		FD8552721BE2B92F0072D7B4 /* UIColor+AppColors.h */ = {isa = PBXFileReference; fileEncoding = 4; lastKnownFileType = sourcecode.c.h; path = "UIColor+AppColors.h"; sourceTree = "<group>"; };
		FD8552731BE2B92F0072D7B4 /* UIColor+AppColors.m */ = {isa = PBXFileReference; fileEncoding = 4; lastKnownFileType = sourcecode.c.objc; path = "UIColor+AppColors.m"; sourceTree = "<group>"; };
		FD8552791BE2C3290072D7B4 /* LERSSFeedLoader.h */ = {isa = PBXFileReference; fileEncoding = 4; lastKnownFileType = sourcecode.c.h; path = LERSSFeedLoader.h; sourceTree = "<group>"; };
		FD85527A1BE2C3290072D7B4 /* LERSSFeedLoader.m */ = {isa = PBXFileReference; fileEncoding = 4; lastKnownFileType = sourcecode.c.objc; path = LERSSFeedLoader.m; sourceTree = "<group>"; };
		FD85527D1BE2D8FB0072D7B4 /* RSSXMLParcer.h */ = {isa = PBXFileReference; fileEncoding = 4; lastKnownFileType = sourcecode.c.h; path = RSSXMLParcer.h; sourceTree = "<group>"; };
		FD85527E1BE2D8FB0072D7B4 /* RSSXMLParcer.m */ = {isa = PBXFileReference; fileEncoding = 4; lastKnownFileType = sourcecode.c.objc; path = RSSXMLParcer.m; sourceTree = "<group>"; };
/* End PBXFileReference section */

/* Begin PBXFrameworksBuildPhase section */
		FD8552091BE297FF0072D7B4 /* Frameworks */ = {
			isa = PBXFrameworksBuildPhase;
			buildActionMask = 2147483647;
			files = (
				2624D834B48455C0BD762AF5 /* libPods.a in Frameworks */,
			);
			runOnlyForDeploymentPostprocessing = 0;
		};
		FD8552221BE298000072D7B4 /* Frameworks */ = {
			isa = PBXFrameworksBuildPhase;
			buildActionMask = 2147483647;
			files = (
			);
			runOnlyForDeploymentPostprocessing = 0;
		};
		FD85522D1BE298000072D7B4 /* Frameworks */ = {
			isa = PBXFrameworksBuildPhase;
			buildActionMask = 2147483647;
			files = (
			);
			runOnlyForDeploymentPostprocessing = 0;
		};
/* End PBXFrameworksBuildPhase section */

/* Begin PBXGroup section */
		24C978726D5DBCA734FF4A45 /* Frameworks */ = {
			isa = PBXGroup;
			children = (
				2996C33ED023B1C0F04C95DE /* libPods.a */,
			);
			name = Frameworks;
			sourceTree = "<group>";
		};
		9EF8559CB591FCD5B44AD311 /* Pods */ = {
			isa = PBXGroup;
			children = (
				1A25DEE880C37A12E21EB530 /* Pods.debug.xcconfig */,
				23142740298036D75A924EBE /* Pods.release.xcconfig */,
			);
			name = Pods;
			sourceTree = "<group>";
		};
		FD8552031BE297FF0072D7B4 = {
			isa = PBXGroup;
			children = (
				FD8552641BE2A5930072D7B4 /* header.pch */,
				FD85520E1BE297FF0072D7B4 /* rssObserver */,
				FD8552281BE298000072D7B4 /* rssObserverTests */,
				FD8552331BE298000072D7B4 /* rssObserverUITests */,
				FD85520D1BE297FF0072D7B4 /* Products */,
				FD85525F1BE29BAA0072D7B4 /* Podfile */,
				9EF8559CB591FCD5B44AD311 /* Pods */,
				24C978726D5DBCA734FF4A45 /* Frameworks */,
			);
			sourceTree = "<group>";
		};
		FD85520D1BE297FF0072D7B4 /* Products */ = {
			isa = PBXGroup;
			children = (
				FD85520C1BE297FF0072D7B4 /* rssObserver.app */,
				FD8552251BE298000072D7B4 /* rssObserverTests.xctest */,
				FD8552301BE298000072D7B4 /* rssObserverUITests.xctest */,
			);
			name = Products;
			sourceTree = "<group>";
		};
		FD85520E1BE297FF0072D7B4 /* rssObserver */ = {
			isa = PBXGroup;
			children = (
				FD8552701BE2B92F0072D7B4 /* Categories */,
				FD8552481BE2991D0072D7B4 /* Model */,
				FD85524A1BE2991D0072D7B4 /* Utilities */,
				FD85524B1BE2991D0072D7B4 /* View */,
				FD8552181BE298000072D7B4 /* Main.storyboard */,
				FD85521B1BE298000072D7B4 /* Assets.xcassets */,
				FD85520F1BE297FF0072D7B4 /* Supporting Files */,
			);
			path = rssObserver;
			sourceTree = "<group>";
		};
		FD85520F1BE297FF0072D7B4 /* Supporting Files */ = {
			isa = PBXGroup;
			children = (
				FD85521D1BE298000072D7B4 /* LaunchScreen.storyboard */,
				FD8552201BE298000072D7B4 /* Info.plist */,
				FD8552121BE298000072D7B4 /* AppDelegate.h */,
				FD8552131BE298000072D7B4 /* AppDelegate.m */,
				FD8552101BE297FF0072D7B4 /* main.m */,
				FD85526B1BE2A64E0072D7B4 /* Localizable.strings */,
			);
			name = "Supporting Files";
			sourceTree = "<group>";
		};
		FD8552281BE298000072D7B4 /* rssObserverTests */ = {
			isa = PBXGroup;
			children = (
				FD8552291BE298000072D7B4 /* rssObserverTests.m */,
				FD85522B1BE298000072D7B4 /* Info.plist */,
			);
			path = rssObserverTests;
			sourceTree = "<group>";
		};
		FD8552331BE298000072D7B4 /* rssObserverUITests */ = {
			isa = PBXGroup;
			children = (
				FD8552341BE298000072D7B4 /* rssObserverUITests.m */,
				FD8552361BE298000072D7B4 /* Info.plist */,
			);
			path = rssObserverUITests;
			sourceTree = "<group>";
		};
		FD8552481BE2991D0072D7B4 /* Model */ = {
			isa = PBXGroup;
			children = (
				FD8552511BE2993E0072D7B4 /* LERSSModel.h */,
				FD8552521BE2993E0072D7B4 /* LERSSModel.m */,
			);
			path = Model;
			sourceTree = "<group>";
		};
		FD85524A1BE2991D0072D7B4 /* Utilities */ = {
			isa = PBXGroup;
			children = (
				FD85527C1BE2D8CF0072D7B4 /* Parcer */,
				FD85525A1BE29AFD0072D7B4 /* DataSource */,
				FD85525B1BE29AFD0072D7B4 /* Loader */,
			);
			path = Utilities;
			sourceTree = "<group>";
		};
		FD85524B1BE2991D0072D7B4 /* View */ = {
			isa = PBXGroup;
			children = (
				FD85524C1BE2991D0072D7B4 /* Cells */,
				FD85524D1BE2991D0072D7B4 /* Controllers */,
			);
			path = View;
			sourceTree = "<group>";
		};
		FD85524C1BE2991D0072D7B4 /* Cells */ = {
			isa = PBXGroup;
			children = (
				FD85525C1BE29B290072D7B4 /* LERSSTableViewCell.h */,
				FD85525D1BE29B290072D7B4 /* LERSSTableViewCell.m */,
			);
			path = Cells;
			sourceTree = "<group>";
		};
		FD85524D1BE2991D0072D7B4 /* Controllers */ = {
			isa = PBXGroup;
			children = (
				FD85524E1BE2991D0072D7B4 /* RSSTableViewController */,
				FD85524F1BE2991D0072D7B4 /* RSSWebViewController */,
			);
			path = Controllers;
			sourceTree = "<group>";
		};
		FD85524E1BE2991D0072D7B4 /* RSSTableViewController */ = {
			isa = PBXGroup;
			children = (
				FD8552541BE299810072D7B4 /* LERSSTableViewController.h */,
				FD8552551BE299810072D7B4 /* LERSSTableViewController.m */,
			);
			name = RSSTableViewController;
			path = RSSTableView;
			sourceTree = "<group>";
		};
		FD85524F1BE2991D0072D7B4 /* RSSWebViewController */ = {
			isa = PBXGroup;
			children = (
				FD8552571BE299B80072D7B4 /* LERSSWebView.h */,
				FD8552581BE299B80072D7B4 /* LERSSWebView.m */,
				FD8552611BE2A0540072D7B4 /* LERSSWebViewController.h */,
				FD8552621BE2A0540072D7B4 /* LERSSWebViewController.m */,
			);
			name = RSSWebViewController;
			path = RSSWebView;
			sourceTree = "<group>";
		};
		FD85525A1BE29AFD0072D7B4 /* DataSource */ = {
			isa = PBXGroup;
			children = (
				FD85526D1BE2B8660072D7B4 /* LEDataSource.h */,
				FD85526E1BE2B8660072D7B4 /* LEDataSource.m */,
			);
			path = DataSource;
			sourceTree = "<group>";
		};
		FD85525B1BE29AFD0072D7B4 /* Loader */ = {
			isa = PBXGroup;
			children = (
				FD8552791BE2C3290072D7B4 /* LERSSFeedLoader.h */,
				FD85527A1BE2C3290072D7B4 /* LERSSFeedLoader.m */,
			);
			path = Loader;
			sourceTree = "<group>";
		};
		FD8552701BE2B92F0072D7B4 /* Categories */ = {
			isa = PBXGroup;
			children = (
				FD8552711BE2B92F0072D7B4 /* UIColor+AppColors */,
			);
			path = Categories;
			sourceTree = "<group>";
		};
		FD8552711BE2B92F0072D7B4 /* UIColor+AppColors */ = {
			isa = PBXGroup;
			children = (
				FD8552721BE2B92F0072D7B4 /* UIColor+AppColors.h */,
				FD8552731BE2B92F0072D7B4 /* UIColor+AppColors.m */,
			);
			path = "UIColor+AppColors";
			sourceTree = "<group>";
		};
		FD85527C1BE2D8CF0072D7B4 /* Parcer */ = {
			isa = PBXGroup;
			children = (
				FD85527D1BE2D8FB0072D7B4 /* RSSXMLParcer.h */,
				FD85527E1BE2D8FB0072D7B4 /* RSSXMLParcer.m */,
			);
			path = Parcer;
			sourceTree = "<group>";
		};
/* End PBXGroup section */

/* Begin PBXNativeTarget section */
		FD85520B1BE297FF0072D7B4 /* rssObserver */ = {
			isa = PBXNativeTarget;
			buildConfigurationList = FD8552391BE298000072D7B4 /* Build configuration list for PBXNativeTarget "rssObserver" */;
			buildPhases = (
				E6BC20A65ABC5EA927711D91 /* Check Pods Manifest.lock */,
				FD8552081BE297FF0072D7B4 /* Sources */,
				FD8552091BE297FF0072D7B4 /* Frameworks */,
				FD85520A1BE297FF0072D7B4 /* Resources */,
				1F295DDB389F918DDEBE8C7A /* Embed Pods Frameworks */,
				66079538C5E832A85CD7DA1F /* Copy Pods Resources */,
			);
			buildRules = (
			);
			dependencies = (
			);
			name = rssObserver;
			productName = rssObserver;
			productReference = FD85520C1BE297FF0072D7B4 /* rssObserver.app */;
			productType = "com.apple.product-type.application";
		};
		FD8552241BE298000072D7B4 /* rssObserverTests */ = {
			isa = PBXNativeTarget;
			buildConfigurationList = FD85523C1BE298000072D7B4 /* Build configuration list for PBXNativeTarget "rssObserverTests" */;
			buildPhases = (
				FD8552211BE298000072D7B4 /* Sources */,
				FD8552221BE298000072D7B4 /* Frameworks */,
				FD8552231BE298000072D7B4 /* Resources */,
			);
			buildRules = (
			);
			dependencies = (
				FD8552271BE298000072D7B4 /* PBXTargetDependency */,
			);
			name = rssObserverTests;
			productName = rssObserverTests;
			productReference = FD8552251BE298000072D7B4 /* rssObserverTests.xctest */;
			productType = "com.apple.product-type.bundle.unit-test";
		};
		FD85522F1BE298000072D7B4 /* rssObserverUITests */ = {
			isa = PBXNativeTarget;
			buildConfigurationList = FD85523F1BE298000072D7B4 /* Build configuration list for PBXNativeTarget "rssObserverUITests" */;
			buildPhases = (
				FD85522C1BE298000072D7B4 /* Sources */,
				FD85522D1BE298000072D7B4 /* Frameworks */,
				FD85522E1BE298000072D7B4 /* Resources */,
			);
			buildRules = (
			);
			dependencies = (
				FD8552321BE298000072D7B4 /* PBXTargetDependency */,
			);
			name = rssObserverUITests;
			productName = rssObserverUITests;
			productReference = FD8552301BE298000072D7B4 /* rssObserverUITests.xctest */;
			productType = "com.apple.product-type.bundle.ui-testing";
		};
/* End PBXNativeTarget section */

/* Begin PBXProject section */
		FD8552041BE297FF0072D7B4 /* Project object */ = {
			isa = PBXProject;
			attributes = {
				LastUpgradeCheck = 0710;
				ORGANIZATIONNAME = "Jack Lapin";
				TargetAttributes = {
					FD85520B1BE297FF0072D7B4 = {
						CreatedOnToolsVersion = 7.1;
						DevelopmentTeam = UCN646ZLE7;
					};
					FD8552241BE298000072D7B4 = {
						CreatedOnToolsVersion = 7.1;
						DevelopmentTeam = UCN646ZLE7;
						TestTargetID = FD85520B1BE297FF0072D7B4;
					};
					FD85522F1BE298000072D7B4 = {
						CreatedOnToolsVersion = 7.1;
						DevelopmentTeam = UCN646ZLE7;
						TestTargetID = FD85520B1BE297FF0072D7B4;
					};
				};
			};
			buildConfigurationList = FD8552071BE297FF0072D7B4 /* Build configuration list for PBXProject "rssObserver" */;
			compatibilityVersion = "Xcode 3.2";
			developmentRegion = English;
			hasScannedForEncodings = 0;
			knownRegions = (
				en,
				Base,
			);
			mainGroup = FD8552031BE297FF0072D7B4;
			productRefGroup = FD85520D1BE297FF0072D7B4 /* Products */;
			projectDirPath = "";
			projectRoot = "";
			targets = (
				FD85520B1BE297FF0072D7B4 /* rssObserver */,
				FD8552241BE298000072D7B4 /* rssObserverTests */,
				FD85522F1BE298000072D7B4 /* rssObserverUITests */,
			);
		};
/* End PBXProject section */

/* Begin PBXResourcesBuildPhase section */
		FD85520A1BE297FF0072D7B4 /* Resources */ = {
			isa = PBXResourcesBuildPhase;
			buildActionMask = 2147483647;
			files = (
				FD8552691BE2A64E0072D7B4 /* Localizable.strings in Resources */,
				FD85521F1BE298000072D7B4 /* LaunchScreen.storyboard in Resources */,
				FD85521C1BE298000072D7B4 /* Assets.xcassets in Resources */,
				FD8552601BE29BAA0072D7B4 /* Podfile in Resources */,
				FD85521A1BE298000072D7B4 /* Main.storyboard in Resources */,
			);
			runOnlyForDeploymentPostprocessing = 0;
		};
		FD8552231BE298000072D7B4 /* Resources */ = {
			isa = PBXResourcesBuildPhase;
			buildActionMask = 2147483647;
			files = (
			);
			runOnlyForDeploymentPostprocessing = 0;
		};
		FD85522E1BE298000072D7B4 /* Resources */ = {
			isa = PBXResourcesBuildPhase;
			buildActionMask = 2147483647;
			files = (
			);
			runOnlyForDeploymentPostprocessing = 0;
		};
/* End PBXResourcesBuildPhase section */

/* Begin PBXShellScriptBuildPhase section */
		1F295DDB389F918DDEBE8C7A /* Embed Pods Frameworks */ = {
			isa = PBXShellScriptBuildPhase;
			buildActionMask = 2147483647;
			files = (
			);
			inputPaths = (
			);
			name = "Embed Pods Frameworks";
			outputPaths = (
			);
			runOnlyForDeploymentPostprocessing = 0;
			shellPath = /bin/sh;
			shellScript = "\"${SRCROOT}/Pods/Target Support Files/Pods/Pods-frameworks.sh\"\n";
			showEnvVarsInLog = 0;
		};
		66079538C5E832A85CD7DA1F /* Copy Pods Resources */ = {
			isa = PBXShellScriptBuildPhase;
			buildActionMask = 2147483647;
			files = (
			);
			inputPaths = (
			);
			name = "Copy Pods Resources";
			outputPaths = (
			);
			runOnlyForDeploymentPostprocessing = 0;
			shellPath = /bin/sh;
			shellScript = "\"${SRCROOT}/Pods/Target Support Files/Pods/Pods-resources.sh\"\n";
			showEnvVarsInLog = 0;
		};
		E6BC20A65ABC5EA927711D91 /* Check Pods Manifest.lock */ = {
			isa = PBXShellScriptBuildPhase;
			buildActionMask = 2147483647;
			files = (
			);
			inputPaths = (
			);
			name = "Check Pods Manifest.lock";
			outputPaths = (
			);
			runOnlyForDeploymentPostprocessing = 0;
			shellPath = /bin/sh;
			shellScript = "diff \"${PODS_ROOT}/../Podfile.lock\" \"${PODS_ROOT}/Manifest.lock\" > /dev/null\nif [[ $? != 0 ]] ; then\n    cat << EOM\nerror: The sandbox is not in sync with the Podfile.lock. Run 'pod install' or update your CocoaPods installation.\nEOM\n    exit 1\nfi\n";
			showEnvVarsInLog = 0;
		};
/* End PBXShellScriptBuildPhase section */

/* Begin PBXSourcesBuildPhase section */
		FD8552081BE297FF0072D7B4 /* Sources */ = {
			isa = PBXSourcesBuildPhase;
			buildActionMask = 2147483647;
			files = (
				FD8552561BE299810072D7B4 /* LERSSTableViewController.m in Sources */,
				FD8552741BE2B92F0072D7B4 /* UIColor+AppColors.m in Sources */,
				FD8552631BE2A0540072D7B4 /* LERSSWebViewController.m in Sources */,
				FD85527F1BE2D8FB0072D7B4 /* RSSXMLParcer.m in Sources */,
				FD8552531BE2993E0072D7B4 /* LERSSModel.m in Sources */,
				FD8552141BE298000072D7B4 /* AppDelegate.m in Sources */,
				FD8552111BE298000072D7B4 /* main.m in Sources */,
				FD85526F1BE2B8660072D7B4 /* LEDataSource.m in Sources */,
				FD8552591BE299B80072D7B4 /* LERSSWebView.m in Sources */,
				FD85525E1BE29B290072D7B4 /* LERSSTableViewCell.m in Sources */,
				FD85527B1BE2C3290072D7B4 /* LERSSFeedLoader.m in Sources */,
			);
			runOnlyForDeploymentPostprocessing = 0;
		};
		FD8552211BE298000072D7B4 /* Sources */ = {
			isa = PBXSourcesBuildPhase;
			buildActionMask = 2147483647;
			files = (
				FD85522A1BE298000072D7B4 /* rssObserverTests.m in Sources */,
			);
			runOnlyForDeploymentPostprocessing = 0;
		};
		FD85522C1BE298000072D7B4 /* Sources */ = {
			isa = PBXSourcesBuildPhase;
			buildActionMask = 2147483647;
			files = (
				FD8552351BE298000072D7B4 /* rssObserverUITests.m in Sources */,
			);
			runOnlyForDeploymentPostprocessing = 0;
		};
/* End PBXSourcesBuildPhase section */

/* Begin PBXTargetDependency section */
		FD8552271BE298000072D7B4 /* PBXTargetDependency */ = {
			isa = PBXTargetDependency;
			target = FD85520B1BE297FF0072D7B4 /* rssObserver */;
			targetProxy = FD8552261BE298000072D7B4 /* PBXContainerItemProxy */;
		};
		FD8552321BE298000072D7B4 /* PBXTargetDependency */ = {
			isa = PBXTargetDependency;
			target = FD85520B1BE297FF0072D7B4 /* rssObserver */;
			targetProxy = FD8552311BE298000072D7B4 /* PBXContainerItemProxy */;
		};
/* End PBXTargetDependency section */

/* Begin PBXVariantGroup section */
		FD8552181BE298000072D7B4 /* Main.storyboard */ = {
			isa = PBXVariantGroup;
			children = (
				FD8552191BE298000072D7B4 /* Base */,
				FD8552651BE2A5D10072D7B4 /* ru */,
			);
			name = Main.storyboard;
			sourceTree = "<group>";
		};
		FD85521D1BE298000072D7B4 /* LaunchScreen.storyboard */ = {
			isa = PBXVariantGroup;
			children = (
				FD85521E1BE298000072D7B4 /* Base */,
				FD8552661BE2A5D10072D7B4 /* ru */,
			);
			name = LaunchScreen.storyboard;
			sourceTree = "<group>";
		};
		FD85526B1BE2A64E0072D7B4 /* Localizable.strings */ = {
			isa = PBXVariantGroup;
			children = (
				FD85526A1BE2A64E0072D7B4 /* ru */,
				FD85526C1BE2A6520072D7B4 /* Base */,
			);
			name = Localizable.strings;
			sourceTree = "<group>";
		};
/* End PBXVariantGroup section */

/* Begin XCBuildConfiguration section */
		FD8552371BE298000072D7B4 /* Debug */ = {
			isa = XCBuildConfiguration;
			buildSettings = {
				ALWAYS_SEARCH_USER_PATHS = NO;
				CLANG_CXX_LANGUAGE_STANDARD = "gnu++0x";
				CLANG_CXX_LIBRARY = "libc++";
				CLANG_ENABLE_MODULES = YES;
				CLANG_ENABLE_OBJC_ARC = YES;
				CLANG_WARN_BOOL_CONVERSION = YES;
				CLANG_WARN_CONSTANT_CONVERSION = YES;
				CLANG_WARN_DIRECT_OBJC_ISA_USAGE = YES_ERROR;
				CLANG_WARN_EMPTY_BODY = YES;
				CLANG_WARN_ENUM_CONVERSION = YES;
				CLANG_WARN_INT_CONVERSION = YES;
				CLANG_WARN_OBJC_ROOT_CLASS = YES_ERROR;
				CLANG_WARN_UNREACHABLE_CODE = YES;
				CLANG_WARN__DUPLICATE_METHOD_MATCH = YES;
				"CODE_SIGN_IDENTITY[sdk=iphoneos*]" = "iPhone Developer";
				COPY_PHASE_STRIP = NO;
				DEBUG_INFORMATION_FORMAT = dwarf;
				ENABLE_STRICT_OBJC_MSGSEND = YES;
				ENABLE_TESTABILITY = YES;
				GCC_C_LANGUAGE_STANDARD = gnu99;
				GCC_DYNAMIC_NO_PIC = NO;
				GCC_NO_COMMON_BLOCKS = YES;
				GCC_OPTIMIZATION_LEVEL = 0;
				GCC_PREPROCESSOR_DEFINITIONS = (
					"DEBUG=1",
					"$(inherited)",
				);
				GCC_WARN_64_TO_32_BIT_CONVERSION = YES;
				GCC_WARN_ABOUT_RETURN_TYPE = YES_ERROR;
				GCC_WARN_UNDECLARED_SELECTOR = YES;
				GCC_WARN_UNINITIALIZED_AUTOS = YES_AGGRESSIVE;
				GCC_WARN_UNUSED_FUNCTION = YES;
				GCC_WARN_UNUSED_VARIABLE = YES;
				IPHONEOS_DEPLOYMENT_TARGET = 9.1;
				MTL_ENABLE_DEBUG_INFO = YES;
				ONLY_ACTIVE_ARCH = YES;
				SDKROOT = iphoneos;
			};
			name = Debug;
		};
		FD8552381BE298000072D7B4 /* Release */ = {
			isa = XCBuildConfiguration;
			buildSettings = {
				ALWAYS_SEARCH_USER_PATHS = NO;
				CLANG_CXX_LANGUAGE_STANDARD = "gnu++0x";
				CLANG_CXX_LIBRARY = "libc++";
				CLANG_ENABLE_MODULES = YES;
				CLANG_ENABLE_OBJC_ARC = YES;
				CLANG_WARN_BOOL_CONVERSION = YES;
				CLANG_WARN_CONSTANT_CONVERSION = YES;
				CLANG_WARN_DIRECT_OBJC_ISA_USAGE = YES_ERROR;
				CLANG_WARN_EMPTY_BODY = YES;
				CLANG_WARN_ENUM_CONVERSION = YES;
				CLANG_WARN_INT_CONVERSION = YES;
				CLANG_WARN_OBJC_ROOT_CLASS = YES_ERROR;
				CLANG_WARN_UNREACHABLE_CODE = YES;
				CLANG_WARN__DUPLICATE_METHOD_MATCH = YES;
				"CODE_SIGN_IDENTITY[sdk=iphoneos*]" = "iPhone Developer";
				COPY_PHASE_STRIP = NO;
				DEBUG_INFORMATION_FORMAT = "dwarf-with-dsym";
				ENABLE_NS_ASSERTIONS = NO;
				ENABLE_STRICT_OBJC_MSGSEND = YES;
				GCC_C_LANGUAGE_STANDARD = gnu99;
				GCC_NO_COMMON_BLOCKS = YES;
				GCC_WARN_64_TO_32_BIT_CONVERSION = YES;
				GCC_WARN_ABOUT_RETURN_TYPE = YES_ERROR;
				GCC_WARN_UNDECLARED_SELECTOR = YES;
				GCC_WARN_UNINITIALIZED_AUTOS = YES_AGGRESSIVE;
				GCC_WARN_UNUSED_FUNCTION = YES;
				GCC_WARN_UNUSED_VARIABLE = YES;
				IPHONEOS_DEPLOYMENT_TARGET = 9.1;
				MTL_ENABLE_DEBUG_INFO = NO;
				SDKROOT = iphoneos;
				VALIDATE_PRODUCT = YES;
			};
			name = Release;
		};
		FD85523A1BE298000072D7B4 /* Debug */ = {
			isa = XCBuildConfiguration;
			baseConfigurationReference = 1A25DEE880C37A12E21EB530 /* Pods.debug.xcconfig */;
			buildSettings = {
				ASSETCATALOG_COMPILER_APPICON_NAME = AppIcon;
				GCC_PRECOMPILE_PREFIX_HEADER = YES;
				GCC_PREFIX_HEADER = "$(SRCROOT)/header.pch";
				INFOPLIST_FILE = rssObserver/Info.plist;
				LD_RUNPATH_SEARCH_PATHS = "$(inherited) @executable_path/Frameworks";
				PRODUCT_BUNDLE_IDENTIFIER = LEV.rssObserver;
				PRODUCT_NAME = "$(TARGET_NAME)";
			};
			name = Debug;
		};
		FD85523B1BE298000072D7B4 /* Release */ = {
			isa = XCBuildConfiguration;
			baseConfigurationReference = 23142740298036D75A924EBE /* Pods.release.xcconfig */;
			buildSettings = {
				ASSETCATALOG_COMPILER_APPICON_NAME = AppIcon;
				GCC_PRECOMPILE_PREFIX_HEADER = YES;
				GCC_PREFIX_HEADER = "$(SRCROOT)/header.pch";
				INFOPLIST_FILE = rssObserver/Info.plist;
				LD_RUNPATH_SEARCH_PATHS = "$(inherited) @executable_path/Frameworks";
				PRODUCT_BUNDLE_IDENTIFIER = LEV.rssObserver;
				PRODUCT_NAME = "$(TARGET_NAME)";
			};
			name = Release;
		};
		FD85523D1BE298000072D7B4 /* Debug */ = {
			isa = XCBuildConfiguration;
			buildSettings = {
				BUNDLE_LOADER = "$(TEST_HOST)";
				INFOPLIST_FILE = rssObserverTests/Info.plist;
				LD_RUNPATH_SEARCH_PATHS = "$(inherited) @executable_path/Frameworks @loader_path/Frameworks";
				PRODUCT_BUNDLE_IDENTIFIER = LEV.rssObserverTests;
				PRODUCT_NAME = "$(TARGET_NAME)";
				TEST_HOST = "$(BUILT_PRODUCTS_DIR)/rssObserver.app/rssObserver";
			};
			name = Debug;
		};
		FD85523E1BE298000072D7B4 /* Release */ = {
			isa = XCBuildConfiguration;
			buildSettings = {
				BUNDLE_LOADER = "$(TEST_HOST)";
				INFOPLIST_FILE = rssObserverTests/Info.plist;
				LD_RUNPATH_SEARCH_PATHS = "$(inherited) @executable_path/Frameworks @loader_path/Frameworks";
				PRODUCT_BUNDLE_IDENTIFIER = LEV.rssObserverTests;
				PRODUCT_NAME = "$(TARGET_NAME)";
				TEST_HOST = "$(BUILT_PRODUCTS_DIR)/rssObserver.app/rssObserver";
			};
			name = Release;
		};
		FD8552401BE298000072D7B4 /* Debug */ = {
			isa = XCBuildConfiguration;
			buildSettings = {
				INFOPLIST_FILE = rssObserverUITests/Info.plist;
				LD_RUNPATH_SEARCH_PATHS = "$(inherited) @executable_path/Frameworks @loader_path/Frameworks";
				PRODUCT_BUNDLE_IDENTIFIER = LEV.rssObserverUITests;
				PRODUCT_NAME = "$(TARGET_NAME)";
				TEST_TARGET_NAME = rssObserver;
				USES_XCTRUNNER = YES;
			};
			name = Debug;
		};
		FD8552411BE298000072D7B4 /* Release */ = {
			isa = XCBuildConfiguration;
			buildSettings = {
				INFOPLIST_FILE = rssObserverUITests/Info.plist;
				LD_RUNPATH_SEARCH_PATHS = "$(inherited) @executable_path/Frameworks @loader_path/Frameworks";
				PRODUCT_BUNDLE_IDENTIFIER = LEV.rssObserverUITests;
				PRODUCT_NAME = "$(TARGET_NAME)";
				TEST_TARGET_NAME = rssObserver;
				USES_XCTRUNNER = YES;
			};
			name = Release;
		};
/* End XCBuildConfiguration section */

/* Begin XCConfigurationList section */
		FD8552071BE297FF0072D7B4 /* Build configuration list for PBXProject "rssObserver" */ = {
			isa = XCConfigurationList;
			buildConfigurations = (
				FD8552371BE298000072D7B4 /* Debug */,
				FD8552381BE298000072D7B4 /* Release */,
			);
			defaultConfigurationIsVisible = 0;
			defaultConfigurationName = Release;
		};
		FD8552391BE298000072D7B4 /* Build configuration list for PBXNativeTarget "rssObserver" */ = {
			isa = XCConfigurationList;
			buildConfigurations = (
				FD85523A1BE298000072D7B4 /* Debug */,
				FD85523B1BE298000072D7B4 /* Release */,
			);
			defaultConfigurationIsVisible = 0;
			defaultConfigurationName = Release;
		};
		FD85523C1BE298000072D7B4 /* Build configuration list for PBXNativeTarget "rssObserverTests" */ = {
			isa = XCConfigurationList;
			buildConfigurations = (
				FD85523D1BE298000072D7B4 /* Debug */,
				FD85523E1BE298000072D7B4 /* Release */,
			);
			defaultConfigurationIsVisible = 0;
			defaultConfigurationName = Release;
		};
		FD85523F1BE298000072D7B4 /* Build configuration list for PBXNativeTarget "rssObserverUITests" */ = {
			isa = XCConfigurationList;
			buildConfigurations = (
				FD8552401BE298000072D7B4 /* Debug */,
				FD8552411BE298000072D7B4 /* Release */,
			);
			defaultConfigurationIsVisible = 0;
			defaultConfigurationName = Release;
		};
/* End XCConfigurationList section */
	};
	rootObject = FD8552041BE297FF0072D7B4 /* Project object */;
}
