// !$*UTF8*$!
{
	archiveVersion = 1;
	classes = {
	};
	objectVersion = 46;
	objects = {

/* Begin PBXBuildFile section */
		FD85528E1BE2F88C0072D7B4 /* main.m in Sources */ = {isa = PBXBuildFile; fileRef = FD85528D1BE2F88C0072D7B4 /* main.m */; };
		FD8552911BE2F88C0072D7B4 /* AppDelegate.m in Sources */ = {isa = PBXBuildFile; fileRef = FD8552901BE2F88C0072D7B4 /* AppDelegate.m */; };
		FD8552941BE2F88C0072D7B4 /* MasterViewController.m in Sources */ = {isa = PBXBuildFile; fileRef = FD8552931BE2F88C0072D7B4 /* MasterViewController.m */; };
		FD8552971BE2F88C0072D7B4 /* DetailViewController.m in Sources */ = {isa = PBXBuildFile; fileRef = FD8552961BE2F88C0072D7B4 /* DetailViewController.m */; };
		FD85529A1BE2F88C0072D7B4 /* Main.storyboard in Resources */ = {isa = PBXBuildFile; fileRef = FD8552981BE2F88C0072D7B4 /* Main.storyboard */; };
		FD85529C1BE2F88C0072D7B4 /* Assets.xcassets in Resources */ = {isa = PBXBuildFile; fileRef = FD85529B1BE2F88C0072D7B4 /* Assets.xcassets */; };
		FD85529F1BE2F88C0072D7B4 /* LaunchScreen.storyboard in Resources */ = {isa = PBXBuildFile; fileRef = FD85529D1BE2F88C0072D7B4 /* LaunchScreen.storyboard */; };
		FD8552AA1BE2F88C0072D7B4 /* TestMasterDetailTests.m in Sources */ = {isa = PBXBuildFile; fileRef = FD8552A91BE2F88C0072D7B4 /* TestMasterDetailTests.m */; };
		FD8552B51BE2F88C0072D7B4 /* TestMasterDetailUITests.m in Sources */ = {isa = PBXBuildFile; fileRef = FD8552B41BE2F88C0072D7B4 /* TestMasterDetailUITests.m */; };
/* End PBXBuildFile section */

/* Begin PBXContainerItemProxy section */
		FD8552A61BE2F88C0072D7B4 /* PBXContainerItemProxy */ = {
			isa = PBXContainerItemProxy;
			containerPortal = FD8552811BE2F88C0072D7B4 /* Project object */;
			proxyType = 1;
			remoteGlobalIDString = FD8552881BE2F88C0072D7B4;
			remoteInfo = TestMasterDetail;
		};
		FD8552B11BE2F88C0072D7B4 /* PBXContainerItemProxy */ = {
			isa = PBXContainerItemProxy;
			containerPortal = FD8552811BE2F88C0072D7B4 /* Project object */;
			proxyType = 1;
			remoteGlobalIDString = FD8552881BE2F88C0072D7B4;
			remoteInfo = TestMasterDetail;
		};
/* End PBXContainerItemProxy section */

/* Begin PBXFileReference section */
		FD8552891BE2F88C0072D7B4 /* TestMasterDetail.app */ = {isa = PBXFileReference; explicitFileType = wrapper.application; includeInIndex = 0; path = TestMasterDetail.app; sourceTree = BUILT_PRODUCTS_DIR; };
		FD85528D1BE2F88C0072D7B4 /* main.m */ = {isa = PBXFileReference; lastKnownFileType = sourcecode.c.objc; path = main.m; sourceTree = "<group>"; };
		FD85528F1BE2F88C0072D7B4 /* AppDelegate.h */ = {isa = PBXFileReference; lastKnownFileType = sourcecode.c.h; path = AppDelegate.h; sourceTree = "<group>"; };
		FD8552901BE2F88C0072D7B4 /* AppDelegate.m */ = {isa = PBXFileReference; lastKnownFileType = sourcecode.c.objc; path = AppDelegate.m; sourceTree = "<group>"; };
		FD8552921BE2F88C0072D7B4 /* MasterViewController.h */ = {isa = PBXFileReference; lastKnownFileType = sourcecode.c.h; path = MasterViewController.h; sourceTree = "<group>"; };
		FD8552931BE2F88C0072D7B4 /* MasterViewController.m */ = {isa = PBXFileReference; lastKnownFileType = sourcecode.c.objc; path = MasterViewController.m; sourceTree = "<group>"; };
		FD8552951BE2F88C0072D7B4 /* DetailViewController.h */ = {isa = PBXFileReference; lastKnownFileType = sourcecode.c.h; path = DetailViewController.h; sourceTree = "<group>"; };
		FD8552961BE2F88C0072D7B4 /* DetailViewController.m */ = {isa = PBXFileReference; lastKnownFileType = sourcecode.c.objc; path = DetailViewController.m; sourceTree = "<group>"; };
		FD8552991BE2F88C0072D7B4 /* Base */ = {isa = PBXFileReference; lastKnownFileType = file.storyboard; name = Base; path = Base.lproj/Main.storyboard; sourceTree = "<group>"; };
		FD85529B1BE2F88C0072D7B4 /* Assets.xcassets */ = {isa = PBXFileReference; lastKnownFileType = folder.assetcatalog; path = Assets.xcassets; sourceTree = "<group>"; };
		FD85529E1BE2F88C0072D7B4 /* Base */ = {isa = PBXFileReference; lastKnownFileType = file.storyboard; name = Base; path = Base.lproj/LaunchScreen.storyboard; sourceTree = "<group>"; };
		FD8552A01BE2F88C0072D7B4 /* Info.plist */ = {isa = PBXFileReference; lastKnownFileType = text.plist.xml; path = Info.plist; sourceTree = "<group>"; };
		FD8552A51BE2F88C0072D7B4 /* TestMasterDetailTests.xctest */ = {isa = PBXFileReference; explicitFileType = wrapper.cfbundle; includeInIndex = 0; path = TestMasterDetailTests.xctest; sourceTree = BUILT_PRODUCTS_DIR; };
		FD8552A91BE2F88C0072D7B4 /* TestMasterDetailTests.m */ = {isa = PBXFileReference; lastKnownFileType = sourcecode.c.objc; path = TestMasterDetailTests.m; sourceTree = "<group>"; };
		FD8552AB1BE2F88C0072D7B4 /* Info.plist */ = {isa = PBXFileReference; lastKnownFileType = text.plist.xml; path = Info.plist; sourceTree = "<group>"; };
		FD8552B01BE2F88C0072D7B4 /* TestMasterDetailUITests.xctest */ = {isa = PBXFileReference; explicitFileType = wrapper.cfbundle; includeInIndex = 0; path = TestMasterDetailUITests.xctest; sourceTree = BUILT_PRODUCTS_DIR; };
		FD8552B41BE2F88C0072D7B4 /* TestMasterDetailUITests.m */ = {isa = PBXFileReference; lastKnownFileType = sourcecode.c.objc; path = TestMasterDetailUITests.m; sourceTree = "<group>"; };
		FD8552B61BE2F88C0072D7B4 /* Info.plist */ = {isa = PBXFileReference; lastKnownFileType = text.plist.xml; path = Info.plist; sourceTree = "<group>"; };
/* End PBXFileReference section */

/* Begin PBXFrameworksBuildPhase section */
		FD8552861BE2F88C0072D7B4 /* Frameworks */ = {
			isa = PBXFrameworksBuildPhase;
			buildActionMask = 2147483647;
			files = (
			);
			runOnlyForDeploymentPostprocessing = 0;
		};
		FD8552A21BE2F88C0072D7B4 /* Frameworks */ = {
			isa = PBXFrameworksBuildPhase;
			buildActionMask = 2147483647;
			files = (
			);
			runOnlyForDeploymentPostprocessing = 0;
		};
		FD8552AD1BE2F88C0072D7B4 /* Frameworks */ = {
			isa = PBXFrameworksBuildPhase;
			buildActionMask = 2147483647;
			files = (
			);
			runOnlyForDeploymentPostprocessing = 0;
		};
/* End PBXFrameworksBuildPhase section */

/* Begin PBXGroup section */
		FD8552801BE2F88C0072D7B4 = {
			isa = PBXGroup;
			children = (
				FD85528B1BE2F88C0072D7B4 /* TestMasterDetail */,
				FD8552A81BE2F88C0072D7B4 /* TestMasterDetailTests */,
				FD8552B31BE2F88C0072D7B4 /* TestMasterDetailUITests */,
				FD85528A1BE2F88C0072D7B4 /* Products */,
			);
			sourceTree = "<group>";
		};
		FD85528A1BE2F88C0072D7B4 /* Products */ = {
			isa = PBXGroup;
			children = (
				FD8552891BE2F88C0072D7B4 /* TestMasterDetail.app */,
				FD8552A51BE2F88C0072D7B4 /* TestMasterDetailTests.xctest */,
				FD8552B01BE2F88C0072D7B4 /* TestMasterDetailUITests.xctest */,
			);
			name = Products;
			sourceTree = "<group>";
		};
		FD85528B1BE2F88C0072D7B4 /* TestMasterDetail */ = {
			isa = PBXGroup;
			children = (
				FD85528F1BE2F88C0072D7B4 /* AppDelegate.h */,
				FD8552901BE2F88C0072D7B4 /* AppDelegate.m */,
				FD8552921BE2F88C0072D7B4 /* MasterViewController.h */,
				FD8552931BE2F88C0072D7B4 /* MasterViewController.m */,
				FD8552951BE2F88C0072D7B4 /* DetailViewController.h */,
				FD8552961BE2F88C0072D7B4 /* DetailViewController.m */,
				FD8552981BE2F88C0072D7B4 /* Main.storyboard */,
				FD85529B1BE2F88C0072D7B4 /* Assets.xcassets */,
				FD85529D1BE2F88C0072D7B4 /* LaunchScreen.storyboard */,
				FD8552A01BE2F88C0072D7B4 /* Info.plist */,
				FD85528C1BE2F88C0072D7B4 /* Supporting Files */,
			);
			path = TestMasterDetail;
			sourceTree = "<group>";
		};
		FD85528C1BE2F88C0072D7B4 /* Supporting Files */ = {
			isa = PBXGroup;
			children = (
				FD85528D1BE2F88C0072D7B4 /* main.m */,
			);
			name = "Supporting Files";
			sourceTree = "<group>";
		};
		FD8552A81BE2F88C0072D7B4 /* TestMasterDetailTests */ = {
			isa = PBXGroup;
			children = (
				FD8552A91BE2F88C0072D7B4 /* TestMasterDetailTests.m */,
				FD8552AB1BE2F88C0072D7B4 /* Info.plist */,
			);
			path = TestMasterDetailTests;
			sourceTree = "<group>";
		};
		FD8552B31BE2F88C0072D7B4 /* TestMasterDetailUITests */ = {
			isa = PBXGroup;
			children = (
				FD8552B41BE2F88C0072D7B4 /* TestMasterDetailUITests.m */,
				FD8552B61BE2F88C0072D7B4 /* Info.plist */,
			);
			path = TestMasterDetailUITests;
			sourceTree = "<group>";
		};
/* End PBXGroup section */

/* Begin PBXNativeTarget section */
		FD8552881BE2F88C0072D7B4 /* TestMasterDetail */ = {
			isa = PBXNativeTarget;
			buildConfigurationList = FD8552B91BE2F88C0072D7B4 /* Build configuration list for PBXNativeTarget "TestMasterDetail" */;
			buildPhases = (
				FD8552851BE2F88C0072D7B4 /* Sources */,
				FD8552861BE2F88C0072D7B4 /* Frameworks */,
				FD8552871BE2F88C0072D7B4 /* Resources */,
			);
			buildRules = (
			);
			dependencies = (
			);
			name = TestMasterDetail;
			productName = TestMasterDetail;
			productReference = FD8552891BE2F88C0072D7B4 /* TestMasterDetail.app */;
			productType = "com.apple.product-type.application";
		};
		FD8552A41BE2F88C0072D7B4 /* TestMasterDetailTests */ = {
			isa = PBXNativeTarget;
			buildConfigurationList = FD8552BC1BE2F88C0072D7B4 /* Build configuration list for PBXNativeTarget "TestMasterDetailTests" */;
			buildPhases = (
				FD8552A11BE2F88C0072D7B4 /* Sources */,
				FD8552A21BE2F88C0072D7B4 /* Frameworks */,
				FD8552A31BE2F88C0072D7B4 /* Resources */,
			);
			buildRules = (
			);
			dependencies = (
				FD8552A71BE2F88C0072D7B4 /* PBXTargetDependency */,
			);
			name = TestMasterDetailTests;
			productName = TestMasterDetailTests;
			productReference = FD8552A51BE2F88C0072D7B4 /* TestMasterDetailTests.xctest */;
			productType = "com.apple.product-type.bundle.unit-test";
		};
		FD8552AF1BE2F88C0072D7B4 /* TestMasterDetailUITests */ = {
			isa = PBXNativeTarget;
			buildConfigurationList = FD8552BF1BE2F88C0072D7B4 /* Build configuration list for PBXNativeTarget "TestMasterDetailUITests" */;
			buildPhases = (
				FD8552AC1BE2F88C0072D7B4 /* Sources */,
				FD8552AD1BE2F88C0072D7B4 /* Frameworks */,
				FD8552AE1BE2F88C0072D7B4 /* Resources */,
			);
			buildRules = (
			);
			dependencies = (
				FD8552B21BE2F88C0072D7B4 /* PBXTargetDependency */,
			);
			name = TestMasterDetailUITests;
			productName = TestMasterDetailUITests;
			productReference = FD8552B01BE2F88C0072D7B4 /* TestMasterDetailUITests.xctest */;
			productType = "com.apple.product-type.bundle.ui-testing";
		};
/* End PBXNativeTarget section */

/* Begin PBXProject section */
		FD8552811BE2F88C0072D7B4 /* Project object */ = {
			isa = PBXProject;
			attributes = {
				LastUpgradeCheck = 0710;
				ORGANIZATIONNAME = "Jack Lapin";
				TargetAttributes = {
					FD8552881BE2F88C0072D7B4 = {
						CreatedOnToolsVersion = 7.1;
						DevelopmentTeam = UCN646ZLE7;
					};
					FD8552A41BE2F88C0072D7B4 = {
						CreatedOnToolsVersion = 7.1;
						DevelopmentTeam = UCN646ZLE7;
						TestTargetID = FD8552881BE2F88C0072D7B4;
					};
					FD8552AF1BE2F88C0072D7B4 = {
						CreatedOnToolsVersion = 7.1;
						DevelopmentTeam = UCN646ZLE7;
						TestTargetID = FD8552881BE2F88C0072D7B4;
					};
				};
			};
			buildConfigurationList = FD8552841BE2F88C0072D7B4 /* Build configuration list for PBXProject "TestMasterDetail" */;
			compatibilityVersion = "Xcode 3.2";
			developmentRegion = English;
			hasScannedForEncodings = 0;
			knownRegions = (
				en,
				Base,
			);
			mainGroup = FD8552801BE2F88C0072D7B4;
			productRefGroup = FD85528A1BE2F88C0072D7B4 /* Products */;
			projectDirPath = "";
			projectRoot = "";
			targets = (
				FD8552881BE2F88C0072D7B4 /* TestMasterDetail */,
				FD8552A41BE2F88C0072D7B4 /* TestMasterDetailTests */,
				FD8552AF1BE2F88C0072D7B4 /* TestMasterDetailUITests */,
			);
		};
/* End PBXProject section */

/* Begin PBXResourcesBuildPhase section */
		FD8552871BE2F88C0072D7B4 /* Resources */ = {
			isa = PBXResourcesBuildPhase;
			buildActionMask = 2147483647;
			files = (
				FD85529F1BE2F88C0072D7B4 /* LaunchScreen.storyboard in Resources */,
				FD85529C1BE2F88C0072D7B4 /* Assets.xcassets in Resources */,
				FD85529A1BE2F88C0072D7B4 /* Main.storyboard in Resources */,
			);
			runOnlyForDeploymentPostprocessing = 0;
		};
		FD8552A31BE2F88C0072D7B4 /* Resources */ = {
			isa = PBXResourcesBuildPhase;
			buildActionMask = 2147483647;
			files = (
			);
			runOnlyForDeploymentPostprocessing = 0;
		};
		FD8552AE1BE2F88C0072D7B4 /* Resources */ = {
			isa = PBXResourcesBuildPhase;
			buildActionMask = 2147483647;
			files = (
			);
			runOnlyForDeploymentPostprocessing = 0;
		};
/* End PBXResourcesBuildPhase section */

/* Begin PBXSourcesBuildPhase section */
		FD8552851BE2F88C0072D7B4 /* Sources */ = {
			isa = PBXSourcesBuildPhase;
			buildActionMask = 2147483647;
			files = (
				FD8552911BE2F88C0072D7B4 /* AppDelegate.m in Sources */,
				FD8552941BE2F88C0072D7B4 /* MasterViewController.m in Sources */,
				FD85528E1BE2F88C0072D7B4 /* main.m in Sources */,
				FD8552971BE2F88C0072D7B4 /* DetailViewController.m in Sources */,
			);
			runOnlyForDeploymentPostprocessing = 0;
		};
		FD8552A11BE2F88C0072D7B4 /* Sources */ = {
			isa = PBXSourcesBuildPhase;
			buildActionMask = 2147483647;
			files = (
				FD8552AA1BE2F88C0072D7B4 /* TestMasterDetailTests.m in Sources */,
			);
			runOnlyForDeploymentPostprocessing = 0;
		};
		FD8552AC1BE2F88C0072D7B4 /* Sources */ = {
			isa = PBXSourcesBuildPhase;
			buildActionMask = 2147483647;
			files = (
				FD8552B51BE2F88C0072D7B4 /* TestMasterDetailUITests.m in Sources */,
			);
			runOnlyForDeploymentPostprocessing = 0;
		};
/* End PBXSourcesBuildPhase section */

/* Begin PBXTargetDependency section */
		FD8552A71BE2F88C0072D7B4 /* PBXTargetDependency */ = {
			isa = PBXTargetDependency;
			target = FD8552881BE2F88C0072D7B4 /* TestMasterDetail */;
			targetProxy = FD8552A61BE2F88C0072D7B4 /* PBXContainerItemProxy */;
		};
		FD8552B21BE2F88C0072D7B4 /* PBXTargetDependency */ = {
			isa = PBXTargetDependency;
			target = FD8552881BE2F88C0072D7B4 /* TestMasterDetail */;
			targetProxy = FD8552B11BE2F88C0072D7B4 /* PBXContainerItemProxy */;
		};
/* End PBXTargetDependency section */

/* Begin PBXVariantGroup section */
		FD8552981BE2F88C0072D7B4 /* Main.storyboard */ = {
			isa = PBXVariantGroup;
			children = (
				FD8552991BE2F88C0072D7B4 /* Base */,
			);
			name = Main.storyboard;
			sourceTree = "<group>";
		};
		FD85529D1BE2F88C0072D7B4 /* LaunchScreen.storyboard */ = {
			isa = PBXVariantGroup;
			children = (
				FD85529E1BE2F88C0072D7B4 /* Base */,
			);
			name = LaunchScreen.storyboard;
			sourceTree = "<group>";
		};
/* End PBXVariantGroup section */

/* Begin XCBuildConfiguration section */
		FD8552B71BE2F88C0072D7B4 /* Debug */ = {
			isa = XCBuildConfiguration;
			buildSettings = {
				ALWAYS_SEARCH_USER_PATHS = NO;
				CLANG_CXX_LANGUAGE_STANDARD = "gnu++0x";
				CLANG_CXX_LIBRARY = "libc++";
				CLANG_ENABLE_MODULES = YES;
				CLANG_ENABLE_OBJC_ARC = YES;
				CLANG_WARN_BOOL_CONVERSION = YES;
				CLANG_WARN_CONSTANT_CONVERSION = YES;
				CLANG_WARN_DIRECT_OBJC_ISA_USAGE = YES_ERROR;
				CLANG_WARN_EMPTY_BODY = YES;
				CLANG_WARN_ENUM_CONVERSION = YES;
				CLANG_WARN_INT_CONVERSION = YES;
				CLANG_WARN_OBJC_ROOT_CLASS = YES_ERROR;
				CLANG_WARN_UNREACHABLE_CODE = YES;
				CLANG_WARN__DUPLICATE_METHOD_MATCH = YES;
				"CODE_SIGN_IDENTITY[sdk=iphoneos*]" = "iPhone Developer";
				COPY_PHASE_STRIP = NO;
				DEBUG_INFORMATION_FORMAT = dwarf;
				ENABLE_STRICT_OBJC_MSGSEND = YES;
				ENABLE_TESTABILITY = YES;
				GCC_C_LANGUAGE_STANDARD = gnu99;
				GCC_DYNAMIC_NO_PIC = NO;
				GCC_NO_COMMON_BLOCKS = YES;
				GCC_OPTIMIZATION_LEVEL = 0;
				GCC_PREPROCESSOR_DEFINITIONS = (
					"DEBUG=1",
					"$(inherited)",
				);
				GCC_WARN_64_TO_32_BIT_CONVERSION = YES;
				GCC_WARN_ABOUT_RETURN_TYPE = YES_ERROR;
				GCC_WARN_UNDECLARED_SELECTOR = YES;
				GCC_WARN_UNINITIALIZED_AUTOS = YES_AGGRESSIVE;
				GCC_WARN_UNUSED_FUNCTION = YES;
				GCC_WARN_UNUSED_VARIABLE = YES;
				IPHONEOS_DEPLOYMENT_TARGET = 9.1;
				MTL_ENABLE_DEBUG_INFO = YES;
				ONLY_ACTIVE_ARCH = YES;
				SDKROOT = iphoneos;
			};
			name = Debug;
		};
		FD8552B81BE2F88C0072D7B4 /* Release */ = {
			isa = XCBuildConfiguration;
			buildSettings = {
				ALWAYS_SEARCH_USER_PATHS = NO;
				CLANG_CXX_LANGUAGE_STANDARD = "gnu++0x";
				CLANG_CXX_LIBRARY = "libc++";
				CLANG_ENABLE_MODULES = YES;
				CLANG_ENABLE_OBJC_ARC = YES;
				CLANG_WARN_BOOL_CONVERSION = YES;
				CLANG_WARN_CONSTANT_CONVERSION = YES;
				CLANG_WARN_DIRECT_OBJC_ISA_USAGE = YES_ERROR;
				CLANG_WARN_EMPTY_BODY = YES;
				CLANG_WARN_ENUM_CONVERSION = YES;
				CLANG_WARN_INT_CONVERSION = YES;
				CLANG_WARN_OBJC_ROOT_CLASS = YES_ERROR;
				CLANG_WARN_UNREACHABLE_CODE = YES;
				CLANG_WARN__DUPLICATE_METHOD_MATCH = YES;
				"CODE_SIGN_IDENTITY[sdk=iphoneos*]" = "iPhone Developer";
				COPY_PHASE_STRIP = NO;
				DEBUG_INFORMATION_FORMAT = "dwarf-with-dsym";
				ENABLE_NS_ASSERTIONS = NO;
				ENABLE_STRICT_OBJC_MSGSEND = YES;
				GCC_C_LANGUAGE_STANDARD = gnu99;
				GCC_NO_COMMON_BLOCKS = YES;
				GCC_WARN_64_TO_32_BIT_CONVERSION = YES;
				GCC_WARN_ABOUT_RETURN_TYPE = YES_ERROR;
				GCC_WARN_UNDECLARED_SELECTOR = YES;
				GCC_WARN_UNINITIALIZED_AUTOS = YES_AGGRESSIVE;
				GCC_WARN_UNUSED_FUNCTION = YES;
				GCC_WARN_UNUSED_VARIABLE = YES;
				IPHONEOS_DEPLOYMENT_TARGET = 9.1;
				MTL_ENABLE_DEBUG_INFO = NO;
				SDKROOT = iphoneos;
				VALIDATE_PRODUCT = YES;
			};
			name = Release;
		};
		FD8552BA1BE2F88C0072D7B4 /* Debug */ = {
			isa = XCBuildConfiguration;
			buildSettings = {
				ASSETCATALOG_COMPILER_APPICON_NAME = AppIcon;
				INFOPLIST_FILE = TestMasterDetail/Info.plist;
				LD_RUNPATH_SEARCH_PATHS = "$(inherited) @executable_path/Frameworks";
				PRODUCT_BUNDLE_IDENTIFIER = LEV.TestMasterDetail;
				PRODUCT_NAME = "$(TARGET_NAME)";
			};
			name = Debug;
		};
		FD8552BB1BE2F88C0072D7B4 /* Release */ = {
			isa = XCBuildConfiguration;
			buildSettings = {
				ASSETCATALOG_COMPILER_APPICON_NAME = AppIcon;
				INFOPLIST_FILE = TestMasterDetail/Info.plist;
				LD_RUNPATH_SEARCH_PATHS = "$(inherited) @executable_path/Frameworks";
				PRODUCT_BUNDLE_IDENTIFIER = LEV.TestMasterDetail;
				PRODUCT_NAME = "$(TARGET_NAME)";
			};
			name = Release;
		};
		FD8552BD1BE2F88C0072D7B4 /* Debug */ = {
			isa = XCBuildConfiguration;
			buildSettings = {
				BUNDLE_LOADER = "$(TEST_HOST)";
				INFOPLIST_FILE = TestMasterDetailTests/Info.plist;
				LD_RUNPATH_SEARCH_PATHS = "$(inherited) @executable_path/Frameworks @loader_path/Frameworks";
				PRODUCT_BUNDLE_IDENTIFIER = LEV.TestMasterDetailTests;
				PRODUCT_NAME = "$(TARGET_NAME)";
				TEST_HOST = "$(BUILT_PRODUCTS_DIR)/TestMasterDetail.app/TestMasterDetail";
			};
			name = Debug;
		};
		FD8552BE1BE2F88C0072D7B4 /* Release */ = {
			isa = XCBuildConfiguration;
			buildSettings = {
				BUNDLE_LOADER = "$(TEST_HOST)";
				INFOPLIST_FILE = TestMasterDetailTests/Info.plist;
				LD_RUNPATH_SEARCH_PATHS = "$(inherited) @executable_path/Frameworks @loader_path/Frameworks";
				PRODUCT_BUNDLE_IDENTIFIER = LEV.TestMasterDetailTests;
				PRODUCT_NAME = "$(TARGET_NAME)";
				TEST_HOST = "$(BUILT_PRODUCTS_DIR)/TestMasterDetail.app/TestMasterDetail";
			};
			name = Release;
		};
		FD8552C01BE2F88C0072D7B4 /* Debug */ = {
			isa = XCBuildConfiguration;
			buildSettings = {
				INFOPLIST_FILE = TestMasterDetailUITests/Info.plist;
				LD_RUNPATH_SEARCH_PATHS = "$(inherited) @executable_path/Frameworks @loader_path/Frameworks";
				PRODUCT_BUNDLE_IDENTIFIER = LEV.TestMasterDetailUITests;
				PRODUCT_NAME = "$(TARGET_NAME)";
				TEST_TARGET_NAME = TestMasterDetail;
				USES_XCTRUNNER = YES;
			};
			name = Debug;
		};
		FD8552C11BE2F88C0072D7B4 /* Release */ = {
			isa = XCBuildConfiguration;
			buildSettings = {
				INFOPLIST_FILE = TestMasterDetailUITests/Info.plist;
				LD_RUNPATH_SEARCH_PATHS = "$(inherited) @executable_path/Frameworks @loader_path/Frameworks";
				PRODUCT_BUNDLE_IDENTIFIER = LEV.TestMasterDetailUITests;
				PRODUCT_NAME = "$(TARGET_NAME)";
				TEST_TARGET_NAME = TestMasterDetail;
				USES_XCTRUNNER = YES;
			};
			name = Release;
		};
/* End XCBuildConfiguration section */

/* Begin XCConfigurationList section */
		FD8552841BE2F88C0072D7B4 /* Build configuration list for PBXProject "TestMasterDetail" */ = {
			isa = XCConfigurationList;
			buildConfigurations = (
				FD8552B71BE2F88C0072D7B4 /* Debug */,
				FD8552B81BE2F88C0072D7B4 /* Release */,
			);
			defaultConfigurationIsVisible = 0;
			defaultConfigurationName = Release;
		};
		FD8552B91BE2F88C0072D7B4 /* Build configuration list for PBXNativeTarget "TestMasterDetail" */ = {
			isa = XCConfigurationList;
			buildConfigurations = (
				FD8552BA1BE2F88C0072D7B4 /* Debug */,
				FD8552BB1BE2F88C0072D7B4 /* Release */,
			);
			defaultConfigurationIsVisible = 0;
		};
		FD8552BC1BE2F88C0072D7B4 /* Build configuration list for PBXNativeTarget "TestMasterDetailTests" */ = {
			isa = XCConfigurationList;
			buildConfigurations = (
				FD8552BD1BE2F88C0072D7B4 /* Debug */,
				FD8552BE1BE2F88C0072D7B4 /* Release */,
			);
			defaultConfigurationIsVisible = 0;
		};
		FD8552BF1BE2F88C0072D7B4 /* Build configuration list for PBXNativeTarget "TestMasterDetailUITests" */ = {
			isa = XCConfigurationList;
			buildConfigurations = (
				FD8552C01BE2F88C0072D7B4 /* Debug */,
				FD8552C11BE2F88C0072D7B4 /* Release */,
			);
			defaultConfigurationIsVisible = 0;
		};
/* End XCConfigurationList section */
	};
	rootObject = FD8552811BE2F88C0072D7B4 /* Project object */;
}
